<?xml version="1.0" encoding="utf-8"?>
<Project ToolsVersion="4.0" xmlns="http://schemas.microsoft.com/developer/msbuild/2003">
  <ItemGroup>
    <ClCompile Include="entity3d.cpp">
      <Filter>Source Files</Filter>
    </ClCompile>
    <ClCompile Include="input.cpp">
      <Filter>Source Files</Filter>
    </ClCompile>
    <ClCompile Include="main.cpp">
      <Filter>Source Files</Filter>
    </ClCompile>
    <ClCompile Include="third_person_camera.cpp">
      <Filter>Source Files</Filter>
    </ClCompile>
  </ItemGroup>
  <ItemGroup>
    <ClInclude Include="entity3d.h">
      <Filter>Include Files</Filter>
    </ClInclude>
    <ClInclude Include="input.h">
      <Filter>Include Files</Filter>
    </ClInclude>
    <ClInclude Include="third_person_camera.h">
      <Filter>Include Files</Filter>
    </ClInclude>
  </ItemGroup>
  <ItemGroup>
    <None Include="ball.x">
      <Filter>Resource Files\Models</Filter>
    </None>
    <None Include="ball_decal_map.dds">
      <Filter>Resource Files\Textures</Filter>
    </None>
    <None Include="blinn_phong.fx">
      <Filter>Resource Files\Shaders</Filter>
    </None>
    <None Include="floor_decal_map.dds">
      <Filter>Resource Files\Textures</Filter>
    </None>
  </ItemGroup>
  <ItemGroup>
    <Filter Include="Include Files">
      <UniqueIdentifier>{60b6c654-31d1-424e-bf47-f59483b9f6b5}</UniqueIdentifier>
    </Filter>
    <Filter Include="Source Files">
      <UniqueIdentifier>{a925bae8-cf30-4658-ba60-b85adb82b826}</UniqueIdentifier>
    </Filter>
    <Filter Include="Resource Files">
      <UniqueIdentifier>{bbb17bdd-0e9e-4275-a8e9-880484560f28}</UniqueIdentifier>
    </Filter>
    <Filter Include="Resource Files\Models">
      <UniqueIdentifier>{7226ea51-853f-48b7-8304-626f97657ef2}</UniqueIdentifier>
    </Filter>
    <Filter Include="Resource Files\Textures">
      <UniqueIdentifier>{ca9df7cb-e029-4dea-81bd-08a0f8011526}</UniqueIdentifier>
    </Filter>
    <Filter Include="Resource Files\Shaders">
      <UniqueIdentifier>{465de910-be3f-43d8-80b9-682dee3d8986}</UniqueIdentifier>
    </Filter>
  </ItemGroup>
</Project>